// !$*UTF8*$!
{
	archiveVersion = 1;
	classes = {
	};
	objectVersion = 46;
	objects = {

/* Begin PBXBuildFile section */
		317F9C241DAA761000E209AD /* AppDelegate.swift in Sources */ = {isa = PBXBuildFile; fileRef = 317F9C231DAA761000E209AD /* AppDelegate.swift */; };
		317F9C261DAA761000E209AD /* ViewController.swift in Sources */ = {isa = PBXBuildFile; fileRef = 317F9C251DAA761000E209AD /* ViewController.swift */; };
		317F9C291DAA761000E209AD /* Main.storyboard in Resources */ = {isa = PBXBuildFile; fileRef = 317F9C271DAA761000E209AD /* Main.storyboard */; };
		317F9C2B1DAA761000E209AD /* Assets.xcassets in Resources */ = {isa = PBXBuildFile; fileRef = 317F9C2A1DAA761000E209AD /* Assets.xcassets */; };
		317F9C2E1DAA761000E209AD /* LaunchScreen.storyboard in Resources */ = {isa = PBXBuildFile; fileRef = 317F9C2C1DAA761000E209AD /* LaunchScreen.storyboard */; };
/* End PBXBuildFile section */

/* Begin PBXFileReference section */
		317F9C201DAA761000E209AD /* XcodeTour.app */ = {isa = PBXFileReference; explicitFileType = wrapper.application; includeInIndex = 0; path = XcodeTour.app; sourceTree = BUILT_PRODUCTS_DIR; };
		317F9C231DAA761000E209AD /* AppDelegate.swift */ = {isa = PBXFileReference; lastKnownFileType = sourcecode.swift; path = AppDelegate.swift; sourceTree = "<group>"; };
		317F9C251DAA761000E209AD /* ViewController.swift */ = {isa = PBXFileReference; lastKnownFileType = sourcecode.swift; path = ViewController.swift; sourceTree = "<group>"; };
		317F9C281DAA761000E209AD /* Base */ = {isa = PBXFileReference; lastKnownFileType = file.storyboard; name = Base; path = Base.lproj/Main.storyboard; sourceTree = "<group>"; };
		317F9C2A1DAA761000E209AD /* Assets.xcassets */ = {isa = PBXFileReference; lastKnownFileType = folder.assetcatalog; path = Assets.xcassets; sourceTree = "<group>"; };
		317F9C2D1DAA761000E209AD /* Base */ = {isa = PBXFileReference; lastKnownFileType = file.storyboard; name = Base; path = Base.lproj/LaunchScreen.storyboard; sourceTree = "<group>"; };
		317F9C2F1DAA761000E209AD /* Info.plist */ = {isa = PBXFileReference; lastKnownFileType = text.plist.xml; path = Info.plist; sourceTree = "<group>"; };
/* End PBXFileReference section */

/* Begin PBXFrameworksBuildPhase section */
		317F9C1D1DAA760F00E209AD /* Frameworks */ = {
			isa = PBXFrameworksBuildPhase;
			buildActionMask = 2147483647;
			files = (
			);
			runOnlyForDeploymentPostprocessing = 0;
		};
/* End PBXFrameworksBuildPhase section */

/* Begin PBXGroup section */
		317F9C171DAA760F00E209AD = {
			isa = PBXGroup;
			children = (
				317F9C221DAA761000E209AD /* XcodeTour */,
				317F9C211DAA761000E209AD /* Products */,
			);
			sourceTree = "<group>";
		};
		317F9C211DAA761000E209AD /* Products */ = {
			isa = PBXGroup;
			children = (
				317F9C201DAA761000E209AD /* XcodeTour.app */,
			);
			name = Products;
			sourceTree = "<group>";
		};
		317F9C221DAA761000E209AD /* XcodeTour */ = {
			isa = PBXGroup;
			children = (
				317F9C231DAA761000E209AD /* AppDelegate.swift */,
				317F9C251DAA761000E209AD /* ViewController.swift */,
				317F9C271DAA761000E209AD /* Main.storyboard */,
				317F9C2A1DAA761000E209AD /* Assets.xcassets */,
				317F9C2C1DAA761000E209AD /* LaunchScreen.storyboard */,
				317F9C2F1DAA761000E209AD /* Info.plist */,
			);
			path = XcodeTour;
			sourceTree = "<group>";
		};
/* End PBXGroup section */

/* Begin PBXNativeTarget section */
		317F9C1F1DAA760F00E209AD /* XcodeTour */ = {
			isa = PBXNativeTarget;
			buildConfigurationList = 317F9C321DAA761000E209AD /* Build configuration list for PBXNativeTarget "XcodeTour" */;
			buildPhases = (
				317F9C1C1DAA760F00E209AD /* Sources */,
				317F9C1D1DAA760F00E209AD /* Frameworks */,
				317F9C1E1DAA760F00E209AD /* Resources */,
			);
			buildRules = (
			);
			dependencies = (
			);
			name = XcodeTour;
			productName = XcodeTour;
			productReference = 317F9C201DAA761000E209AD /* XcodeTour.app */;
			productType = "com.apple.product-type.application";
		};
/* End PBXNativeTarget section */

/* Begin PBXProject section */
		317F9C181DAA760F00E209AD /* Project object */ = {
			isa = PBXProject;
			attributes = {
				LastSwiftUpdateCheck = 0730;
				LastUpgradeCheck = 0800;
				ORGANIZATIONNAME = IVaE;
				TargetAttributes = {
					317F9C1F1DAA760F00E209AD = {
						CreatedOnToolsVersion = 7.3.1;
						LastSwiftMigration = 0800;
					};
				};
			};
			buildConfigurationList = 317F9C1B1DAA760F00E209AD /* Build configuration list for PBXProject "XcodeTour" */;
			compatibilityVersion = "Xcode 3.2";
			developmentRegion = English;
			hasScannedForEncodings = 0;
			knownRegions = (
				en,
				Base,
			);
			mainGroup = 317F9C171DAA760F00E209AD;
			productRefGroup = 317F9C211DAA761000E209AD /* Products */;
			projectDirPath = "";
			projectRoot = "";
			targets = (
				317F9C1F1DAA760F00E209AD /* XcodeTour */,
			);
		};
/* End PBXProject section */

/* Begin PBXResourcesBuildPhase section */
		317F9C1E1DAA760F00E209AD /* Resources */ = {
			isa = PBXResourcesBuildPhase;
			buildActionMask = 2147483647;
			files = (
				317F9C2E1DAA761000E209AD /* LaunchScreen.storyboard in Resources */,
				317F9C2B1DAA761000E209AD /* Assets.xcassets in Resources */,
				317F9C291DAA761000E209AD /* Main.storyboard in Resources */,
			);
			runOnlyForDeploymentPostprocessing = 0;
		};
/* End PBXResourcesBuildPhase section */

/* Begin PBXSourcesBuildPhase section */
		317F9C1C1DAA760F00E209AD /* Sources */ = {
			isa = PBXSourcesBuildPhase;
			buildActionMask = 2147483647;
			files = (
				317F9C261DAA761000E209AD /* ViewController.swift in Sources */,
				317F9C241DAA761000E209AD /* AppDelegate.swift in Sources */,
			);
			runOnlyForDeploymentPostprocessing = 0;
		};
/* End PBXSourcesBuildPhase section */

/* Begin PBXVariantGroup section */
		317F9C271DAA761000E209AD /* Main.storyboard */ = {
			isa = PBXVariantGroup;
			children = (
				317F9C281DAA761000E209AD /* Base */,
			);
			name = Main.storyboard;
			sourceTree = "<group>";
		};
		317F9C2C1DAA761000E209AD /* LaunchScreen.storyboard */ = {
			isa = PBXVariantGroup;
			children = (
				317F9C2D1DAA761000E209AD /* Base */,
			);
			name = LaunchScreen.storyboard;
			sourceTree = "<group>";
		};
/* End PBXVariantGroup section */

/* Begin XCBuildConfiguration section */
		317F9C301DAA761000E209AD /* Debug */ = {
			isa = XCBuildConfiguration;
			buildSettings = {
				ALWAYS_SEARCH_USER_PATHS = NO;
				CLANG_ANALYZER_NONNULL = YES;
				CLANG_CXX_LANGUAGE_STANDARD = "gnu++0x";
				CLANG_CXX_LIBRARY = "libc++";
				CLANG_ENABLE_MODULES = YES;
				CLANG_ENABLE_OBJC_ARC = YES;
				CLANG_WARN_BOOL_CONVERSION = YES;
				CLANG_WARN_CONSTANT_CONVERSION = YES;
				CLANG_WARN_DIRECT_OBJC_ISA_USAGE = YES_ERROR;
				CLANG_WARN_EMPTY_BODY = YES;
				CLANG_WARN_ENUM_CONVERSION = YES;
				CLANG_WARN_INFINITE_RECURSION = YES;
				CLANG_WARN_INT_CONVERSION = YES;
				CLANG_WARN_OBJC_ROOT_CLASS = YES_ERROR;
				CLANG_WARN_SUSPICIOUS_MOVE = YES;
				CLANG_WARN_UNREACHABLE_CODE = YES;
				CLANG_WARN__DUPLICATE_METHOD_MATCH = YES;
				"CODE_SIGN_IDENTITY[sdk=iphoneos*]" = "iPhone Developer";
				COPY_PHASE_STRIP = NO;
				DEBUG_INFORMATION_FORMAT = dwarf;
				ENABLE_STRICT_OBJC_MSGSEND = YES;
				ENABLE_TESTABILITY = YES;
				GCC_C_LANGUAGE_STANDARD = gnu99;
				GCC_DYNAMIC_NO_PIC = NO;
				GCC_NO_COMMON_BLOCKS = YES;
				GCC_OPTIMIZATION_LEVEL = 0;
				GCC_PREPROCESSOR_DEFINITIONS = (
					"DEBUG=1",
					"$(inherited)",
				);
				GCC_WARN_64_TO_32_BIT_CONVERSION = YES;
				GCC_WARN_ABOUT_RETURN_TYPE = YES_ERROR;
				GCC_WARN_UNDECLARED_SELECTOR = YES;
				GCC_WARN_UNINITIALIZED_AUTOS = YES_AGGRESSIVE;
				GCC_WARN_UNUSED_FUNCTION = YES;
				GCC_WARN_UNUSED_VARIABLE = YES;
				IPHONEOS_DEPLOYMENT_TARGET = 9.3;
				MTL_ENABLE_DEBUG_INFO = YES;
				ONLY_ACTIVE_ARCH = YES;
				SDKROOT = iphoneos;
				SWIFT_OPTIMIZATION_LEVEL = "-Onone";
			};
			name = Debug;
		};
		317F9C311DAA761000E209AD /* Release */ = {
			isa = XCBuildConfiguration;
			buildSettings = {
				ALWAYS_SEARCH_USER_PATHS = NO;
				CLANG_ANALYZER_NONNULL = YES;
				CLANG_CXX_LANGUAGE_STANDARD = "gnu++0x";
				CLANG_CXX_LIBRARY = "libc++";
				CLANG_ENABLE_MODULES = YES;
				CLANG_ENABLE_OBJC_ARC = YES;
				CLANG_WARN_BOOL_CONVERSION = YES;
				CLANG_WARN_CONSTANT_CONVERSION = YES;
				CLANG_WARN_DIRECT_OBJC_ISA_USAGE = YES_ERROR;
				CLANG_WARN_EMPTY_BODY = YES;
				CLANG_WARN_ENUM_CONVERSION = YES;
				CLANG_WARN_INFINITE_RECURSION = YES;
				CLANG_WARN_INT_CONVERSION = YES;
				CLANG_WARN_OBJC_ROOT_CLASS = YES_ERROR;
				CLANG_WARN_SUSPICIOUS_MOVE = YES;
				CLANG_WARN_UNREACHABLE_CODE = YES;
				CLANG_WARN__DUPLICATE_METHOD_MATCH = YES;
				"CODE_SIGN_IDENTITY[sdk=iphoneos*]" = "iPhone Developer";
				COPY_PHASE_STRIP = NO;
				DEBUG_INFORMATION_FORMAT = "dwarf-with-dsym";
				ENABLE_NS_ASSERTIONS = NO;
				ENABLE_STRICT_OBJC_MSGSEND = YES;
				GCC_C_LANGUAGE_STANDARD = gnu99;
				GCC_NO_COMMON_BLOCKS = YES;
				GCC_WARN_64_TO_32_BIT_CONVERSION = YES;
				GCC_WARN_ABOUT_RETURN_TYPE = YES_ERROR;
				GCC_WARN_UNDECLARED_SELECTOR = YES;
				GCC_WARN_UNINITIALIZED_AUTOS = YES_AGGRESSIVE;
				GCC_WARN_UNUSED_FUNCTION = YES;
				GCC_WARN_UNUSED_VARIABLE = YES;
				IPHONEOS_DEPLOYMENT_TARGET = 9.3;
				MTL_ENABLE_DEBUG_INFO = NO;
				SDKROOT = iphoneos;
				SWIFT_OPTIMIZATION_LEVEL = "-Owholemodule";
				VALIDATE_PRODUCT = YES;
			};
			name = Release;
		};
		317F9C331DAA761000E209AD /* Debug */ = {
			isa = XCBuildConfiguration;
			buildSettings = {
				ASSETCATALOG_COMPILER_APPICON_NAME = AppIcon;
				INFOPLIST_FILE = XcodeTour/Info.plist;
				LD_RUNPATH_SEARCH_PATHS = "$(inherited) @executable_path/Frameworks";
				PRODUCT_BUNDLE_IDENTIFIER = com.ivae.XcodeTour;
				PRODUCT_NAME = "$(TARGET_NAME)";
				SWIFT_VERSION = 3.0;
			};
			name = Debug;
		};
		317F9C341DAA761000E209AD /* Release */ = {
			isa = XCBuildConfiguration;
			buildSettings = {
				ASSETCATALOG_COMPILER_APPICON_NAME = AppIcon;
				INFOPLIST_FILE = XcodeTour/Info.plist;
				LD_RUNPATH_SEARCH_PATHS = "$(inherited) @executable_path/Frameworks";
				PRODUCT_BUNDLE_IDENTIFIER = com.ivae.XcodeTour;
				PRODUCT_NAME = "$(TARGET_NAME)";
				SWIFT_VERSION = 3.0;
			};
			name = Release;
		};
/* End XCBuildConfiguration section */

/* Begin XCConfigurationList section */
		317F9C1B1DAA760F00E209AD /* Build configuration list for PBXProject "XcodeTour" */ = {
			isa = XCConfigurationList;
			buildConfigurations = (
				317F9C301DAA761000E209AD /* Debug */,
				317F9C311DAA761000E209AD /* Release */,
			);
			defaultConfigurationIsVisible = 0;
			defaultConfigurationName = Release;
		};
		317F9C321DAA761000E209AD /* Build configuration list for PBXNativeTarget "XcodeTour" */ = {
			isa = XCConfigurationList;
			buildConfigurations = (
				317F9C331DAA761000E209AD /* Debug */,
				317F9C341DAA761000E209AD /* Release */,
			);
			defaultConfigurationIsVisible = 0;
			defaultConfigurationName = Release;
		};
/* End XCConfigurationList section */
	};
	rootObject = 317F9C181DAA760F00E209AD /* Project object */;
}
